lockfileVersion: '9.0'

settings:
  autoInstallPeers: true
  excludeLinksFromLockfile: false

importers:

  .:
    devDependencies:
      turbo:
        specifier: ^2.3.3
        version: 2.7.3

  apps/worker:
    dependencies:
      '@ai-sdk/google':
        specifier: ^1.0.12
        version: 1.2.22(zod@3.25.76)
      '@mathstream/db':
        specifier: workspace:*
        version: link:../../packages/db
      '@mathstream/queue':
        specifier: workspace:*
        version: link:../../packages/queue
      '@mathstream/shared':
        specifier: workspace:*
        version: link:../../packages/shared
      ai:
        specifier: ^4.0.30
        version: 4.3.19(react@19.2.3)(zod@3.25.76)
      bullmq:
        specifier: ^5.34.3
        version: 5.66.4
    devDependencies:
      '@mathstream/typescript-config':
        specifier: workspace:*
        version: link:../../packages/typescript-config
      tsx:
        specifier: ^4.19.2
        version: 4.21.0
      typescript:
        specifier: ^5.7.2
        version: 5.9.3

  packages/cache:
    dependencies:
      '@mathstream/shared':
        specifier: workspace:*
        version: link:../shared
      ioredis:
        specifier: ^5.4.2
        version: 5.9.0
    devDependencies:
      '@mathstream/typescript-config':
        specifier: workspace:*
        version: link:../typescript-config
      typescript:
        specifier: ^5.7.2
        version: 5.9.3

  packages/db:
    dependencies:
      '@mathstream/shared':
        specifier: workspace:*
        version: link:../shared
      mongodb:
        specifier: ^6.12.0
        version: 6.21.0
    devDependencies:
      '@mathstream/typescript-config':
        specifier: workspace:*
        version: link:../typescript-config
      typescript:
        specifier: ^5.7.2
        version: 5.9.3

  packages/queue:
    dependencies:
      '@mathstream/shared':
        specifier: workspace:*
        version: link:../shared
      bullmq:
        specifier: ^5.34.3
        version: 5.66.4
      ioredis:
        specifier: ^5.4.2
        version: 5.9.0
    devDependencies:
      '@mathstream/typescript-config':
        specifier: workspace:*
        version: link:../typescript-config
      typescript:
        specifier: ^5.7.2
        version: 5.9.3

  packages/shared:
    dependencies:
      zod:
        specifier: ^3.24.1
        version: 3.25.76
    devDependencies:
      '@mathstream/typescript-config':
        specifier: workspace:*
        version: link:../typescript-config
      typescript:
        specifier: ^5.7.2
        version: 5.9.3

  packages/typescript-config: {}

packages:

  '@ai-sdk/google@1.2.22':
    resolution: {integrity: sha512-Ppxu3DIieF1G9pyQ5O1Z646GYR0gkC57YdBqXJ82qvCdhEhZHu0TWhmnOoeIWe2olSbuDeoOY+MfJrW8dzS3Hw==}
    engines: {node: '>=18'}
    peerDependencies:
      zod: ^3.0.0

  '@ai-sdk/provider-utils@2.2.8':
    resolution: {integrity: sha512-fqhG+4sCVv8x7nFzYnFo19ryhAa3w096Kmc3hWxMQfW/TubPOmt3A6tYZhl4mUfQWWQMsuSkLrtjlWuXBVSGQA==}
    engines: {node: '>=18'}
    peerDependencies:
      zod: ^3.23.8

  '@ai-sdk/provider@1.1.3':
    resolution: {integrity: sha512-qZMxYJ0qqX/RfnuIaab+zp8UAeJn/ygXXAffR5I4N0n1IrvA6qBsjc8hXLmBiMV2zoXlifkacF7sEFnYnjBcqg==}
    engines: {node: '>=18'}

  '@ai-sdk/react@1.2.12':
    resolution: {integrity: sha512-jK1IZZ22evPZoQW3vlkZ7wvjYGYF+tRBKXtrcolduIkQ/m/sOAVcVeVDUDvh1T91xCnWCdUGCPZg2avZ90mv3g==}
    engines: {node: '>=18'}
    peerDependencies:
      react: ^18 || ^19 || ^19.0.0-rc
      zod: ^3.23.8
    peerDependenciesMeta:
      zod:
        optional: true

  '@ai-sdk/ui-utils@1.2.11':
    resolution: {integrity: sha512-3zcwCc8ezzFlwp3ZD15wAPjf2Au4s3vAbKsXQVyhxODHcmu0iyPO2Eua6D/vicq/AUm/BAo60r97O6HU+EI0+w==}
    engines: {node: '>=18'}
    peerDependencies:
      zod: ^3.23.8

  '@esbuild/aix-ppc64@0.27.2':
    resolution: {integrity: sha512-GZMB+a0mOMZs4MpDbj8RJp4cw+w1WV5NYD6xzgvzUJ5Ek2jerwfO2eADyI6ExDSUED+1X8aMbegahsJi+8mgpw==}
    engines: {node: '>=18'}
    cpu: [ppc64]
    os: [aix]

  '@esbuild/android-arm64@0.27.2':
    resolution: {integrity: sha512-pvz8ZZ7ot/RBphf8fv60ljmaoydPU12VuXHImtAs0XhLLw+EXBi2BLe3OYSBslR4rryHvweW5gmkKFwTiFy6KA==}
    engines: {node: '>=18'}
    cpu: [arm64]
    os: [android]

  '@esbuild/android-arm@0.27.2':
    resolution: {integrity: sha512-DVNI8jlPa7Ujbr1yjU2PfUSRtAUZPG9I1RwW4F4xFB1Imiu2on0ADiI/c3td+KmDtVKNbi+nffGDQMfcIMkwIA==}
    engines: {node: '>=18'}
    cpu: [arm]
    os: [android]

  '@esbuild/android-x64@0.27.2':
    resolution: {integrity: sha512-z8Ank4Byh4TJJOh4wpz8g2vDy75zFL0TlZlkUkEwYXuPSgX8yzep596n6mT7905kA9uHZsf/o2OJZubl2l3M7A==}
    engines: {node: '>=18'}
    cpu: [x64]
    os: [android]

  '@esbuild/darwin-arm64@0.27.2':
    resolution: {integrity: sha512-davCD2Zc80nzDVRwXTcQP/28fiJbcOwvdolL0sOiOsbwBa72kegmVU0Wrh1MYrbuCL98Omp5dVhQFWRKR2ZAlg==}
    engines: {node: '>=18'}
    cpu: [arm64]
    os: [darwin]

  '@esbuild/darwin-x64@0.27.2':
    resolution: {integrity: sha512-ZxtijOmlQCBWGwbVmwOF/UCzuGIbUkqB1faQRf5akQmxRJ1ujusWsb3CVfk/9iZKr2L5SMU5wPBi1UWbvL+VQA==}
    engines: {node: '>=18'}
    cpu: [x64]
    os: [darwin]

  '@esbuild/freebsd-arm64@0.27.2':
    resolution: {integrity: sha512-lS/9CN+rgqQ9czogxlMcBMGd+l8Q3Nj1MFQwBZJyoEKI50XGxwuzznYdwcav6lpOGv5BqaZXqvBSiB/kJ5op+g==}
    engines: {node: '>=18'}
    cpu: [arm64]
    os: [freebsd]

  '@esbuild/freebsd-x64@0.27.2':
    resolution: {integrity: sha512-tAfqtNYb4YgPnJlEFu4c212HYjQWSO/w/h/lQaBK7RbwGIkBOuNKQI9tqWzx7Wtp7bTPaGC6MJvWI608P3wXYA==}
    engines: {node: '>=18'}
    cpu: [x64]
    os: [freebsd]

  '@esbuild/linux-arm64@0.27.2':
    resolution: {integrity: sha512-hYxN8pr66NsCCiRFkHUAsxylNOcAQaxSSkHMMjcpx0si13t1LHFphxJZUiGwojB1a/Hd5OiPIqDdXONia6bhTw==}
    engines: {node: '>=18'}
    cpu: [arm64]
    os: [linux]

  '@esbuild/linux-arm@0.27.2':
    resolution: {integrity: sha512-vWfq4GaIMP9AIe4yj1ZUW18RDhx6EPQKjwe7n8BbIecFtCQG4CfHGaHuh7fdfq+y3LIA2vGS/o9ZBGVxIDi9hw==}
    engines: {node: '>=18'}
    cpu: [arm]
    os: [linux]

  '@esbuild/linux-ia32@0.27.2':
    resolution: {integrity: sha512-MJt5BRRSScPDwG2hLelYhAAKh9imjHK5+NE/tvnRLbIqUWa+0E9N4WNMjmp/kXXPHZGqPLxggwVhz7QP8CTR8w==}
    engines: {node: '>=18'}
    cpu: [ia32]
    os: [linux]

  '@esbuild/linux-loong64@0.27.2':
    resolution: {integrity: sha512-lugyF1atnAT463aO6KPshVCJK5NgRnU4yb3FUumyVz+cGvZbontBgzeGFO1nF+dPueHD367a2ZXe1NtUkAjOtg==}
    engines: {node: '>=18'}
    cpu: [loong64]
    os: [linux]

  '@esbuild/linux-mips64el@0.27.2':
    resolution: {integrity: sha512-nlP2I6ArEBewvJ2gjrrkESEZkB5mIoaTswuqNFRv/WYd+ATtUpe9Y09RnJvgvdag7he0OWgEZWhviS1OTOKixw==}
    engines: {node: '>=18'}
    cpu: [mips64el]
    os: [linux]

  '@esbuild/linux-ppc64@0.27.2':
    resolution: {integrity: sha512-C92gnpey7tUQONqg1n6dKVbx3vphKtTHJaNG2Ok9lGwbZil6DrfyecMsp9CrmXGQJmZ7iiVXvvZH6Ml5hL6XdQ==}
    engines: {node: '>=18'}
    cpu: [ppc64]
    os: [linux]

  '@esbuild/linux-riscv64@0.27.2':
    resolution: {integrity: sha512-B5BOmojNtUyN8AXlK0QJyvjEZkWwy/FKvakkTDCziX95AowLZKR6aCDhG7LeF7uMCXEJqwa8Bejz5LTPYm8AvA==}
    engines: {node: '>=18'}
    cpu: [riscv64]
    os: [linux]

  '@esbuild/linux-s390x@0.27.2':
    resolution: {integrity: sha512-p4bm9+wsPwup5Z8f4EpfN63qNagQ47Ua2znaqGH6bqLlmJ4bx97Y9JdqxgGZ6Y8xVTixUnEkoKSHcpRlDnNr5w==}
    engines: {node: '>=18'}
    cpu: [s390x]
    os: [linux]

  '@esbuild/linux-x64@0.27.2':
    resolution: {integrity: sha512-uwp2Tip5aPmH+NRUwTcfLb+W32WXjpFejTIOWZFw/v7/KnpCDKG66u4DLcurQpiYTiYwQ9B7KOeMJvLCu/OvbA==}
    engines: {node: '>=18'}
    cpu: [x64]
    os: [linux]

  '@esbuild/netbsd-arm64@0.27.2':
    resolution: {integrity: sha512-Kj6DiBlwXrPsCRDeRvGAUb/LNrBASrfqAIok+xB0LxK8CHqxZ037viF13ugfsIpePH93mX7xfJp97cyDuTZ3cw==}
    engines: {node: '>=18'}
    cpu: [arm64]
    os: [netbsd]

  '@esbuild/netbsd-x64@0.27.2':
    resolution: {integrity: sha512-HwGDZ0VLVBY3Y+Nw0JexZy9o/nUAWq9MlV7cahpaXKW6TOzfVno3y3/M8Ga8u8Yr7GldLOov27xiCnqRZf0tCA==}
    engines: {node: '>=18'}
    cpu: [x64]
    os: [netbsd]

  '@esbuild/openbsd-arm64@0.27.2':
    resolution: {integrity: sha512-DNIHH2BPQ5551A7oSHD0CKbwIA/Ox7+78/AWkbS5QoRzaqlev2uFayfSxq68EkonB+IKjiuxBFoV8ESJy8bOHA==}
    engines: {node: '>=18'}
    cpu: [arm64]
    os: [openbsd]

  '@esbuild/openbsd-x64@0.27.2':
    resolution: {integrity: sha512-/it7w9Nb7+0KFIzjalNJVR5bOzA9Vay+yIPLVHfIQYG/j+j9VTH84aNB8ExGKPU4AzfaEvN9/V4HV+F+vo8OEg==}
    engines: {node: '>=18'}
    cpu: [x64]
    os: [openbsd]

  '@esbuild/openharmony-arm64@0.27.2':
    resolution: {integrity: sha512-LRBbCmiU51IXfeXk59csuX/aSaToeG7w48nMwA6049Y4J4+VbWALAuXcs+qcD04rHDuSCSRKdmY63sruDS5qag==}
    engines: {node: '>=18'}
    cpu: [arm64]
    os: [openharmony]

  '@esbuild/sunos-x64@0.27.2':
    resolution: {integrity: sha512-kMtx1yqJHTmqaqHPAzKCAkDaKsffmXkPHThSfRwZGyuqyIeBvf08KSsYXl+abf5HDAPMJIPnbBfXvP2ZC2TfHg==}
    engines: {node: '>=18'}
    cpu: [x64]
    os: [sunos]

  '@esbuild/win32-arm64@0.27.2':
    resolution: {integrity: sha512-Yaf78O/B3Kkh+nKABUF++bvJv5Ijoy9AN1ww904rOXZFLWVc5OLOfL56W+C8F9xn5JQZa3UX6m+IktJnIb1Jjg==}
    engines: {node: '>=18'}
    cpu: [arm64]
    os: [win32]

  '@esbuild/win32-ia32@0.27.2':
    resolution: {integrity: sha512-Iuws0kxo4yusk7sw70Xa2E2imZU5HoixzxfGCdxwBdhiDgt9vX9VUCBhqcwY7/uh//78A1hMkkROMJq9l27oLQ==}
    engines: {node: '>=18'}
    cpu: [ia32]
    os: [win32]

  '@esbuild/win32-x64@0.27.2':
    resolution: {integrity: sha512-sRdU18mcKf7F+YgheI/zGf5alZatMUTKj/jNS6l744f9u3WFu4v7twcUI9vu4mknF4Y9aDlblIie0IM+5xxaqQ==}
    engines: {node: '>=18'}
    cpu: [x64]
    os: [win32]

  '@ioredis/commands@1.4.0':
    resolution: {integrity: sha512-aFT2yemJJo+TZCmieA7qnYGQooOS7QfNmYrzGtsYd3g9j5iDP8AimYYAesf79ohjbLG12XxC4nG5DyEnC88AsQ==}

  '@ioredis/commands@1.5.0':
    resolution: {integrity: sha512-eUgLqrMf8nJkZxT24JvVRrQya1vZkQh8BBeYNwGDqa5I0VUi8ACx7uFvAaLxintokpTenkK6DASvo/bvNbBGow==}

  '@mongodb-js/saslprep@1.4.4':
    resolution: {integrity: sha512-p7X/ytJDIdwUfFL/CLOhKgdfJe1Fa8uw9seJYvdOmnP9JBWGWHW69HkOixXS6Wy9yvGf1MbhcS6lVmrhy4jm2g==}

  '@msgpackr-extract/msgpackr-extract-darwin-arm64@3.0.3':
    resolution: {integrity: sha512-QZHtlVgbAdy2zAqNA9Gu1UpIuI8Xvsd1v8ic6B2pZmeFnFcMWiPLfWXh7TVw4eGEZ/C9TH281KwhVoeQUKbyjw==}
    cpu: [arm64]
    os: [darwin]

  '@msgpackr-extract/msgpackr-extract-darwin-x64@3.0.3':
    resolution: {integrity: sha512-mdzd3AVzYKuUmiWOQ8GNhl64/IoFGol569zNRdkLReh6LRLHOXxU4U8eq0JwaD8iFHdVGqSy4IjFL4reoWCDFw==}
    cpu: [x64]
    os: [darwin]

  '@msgpackr-extract/msgpackr-extract-linux-arm64@3.0.3':
    resolution: {integrity: sha512-YxQL+ax0XqBJDZiKimS2XQaf+2wDGVa1enVRGzEvLLVFeqa5kx2bWbtcSXgsxjQB7nRqqIGFIcLteF/sHeVtQg==}
    cpu: [arm64]
    os: [linux]

  '@msgpackr-extract/msgpackr-extract-linux-arm@3.0.3':
    resolution: {integrity: sha512-fg0uy/dG/nZEXfYilKoRe7yALaNmHoYeIoJuJ7KJ+YyU2bvY8vPv27f7UKhGRpY6euFYqEVhxCFZgAUNQBM3nw==}
    cpu: [arm]
    os: [linux]

  '@msgpackr-extract/msgpackr-extract-linux-x64@3.0.3':
    resolution: {integrity: sha512-cvwNfbP07pKUfq1uH+S6KJ7dT9K8WOE4ZiAcsrSes+UY55E/0jLYc+vq+DO7jlmqRb5zAggExKm0H7O/CBaesg==}
    cpu: [x64]
    os: [linux]

  '@msgpackr-extract/msgpackr-extract-win32-x64@3.0.3':
    resolution: {integrity: sha512-x0fWaQtYp4E6sktbsdAqnehxDgEc/VwM7uLsRCYWaiGu0ykYdZPiS8zCWdnjHwyiumousxfBm4SO31eXqwEZhQ==}
    cpu: [x64]
    os: [win32]

  '@opentelemetry/api@1.9.0':
    resolution: {integrity: sha512-3giAOQvZiH5F9bMlMiv8+GSPMeqg0dbaeo58/0SlA9sxSqZhnUtxzX9/2FzyhS9sWQf5S0GJE0AKBrFqjpeYcg==}
    engines: {node: '>=8.0.0'}

  '@types/diff-match-patch@1.0.36':
    resolution: {integrity: sha512-xFdR6tkm0MWvBfO8xXCSsinYxHcqkQUlcHeSpMC2ukzOb6lwQAfDmW+Qt0AvlGd8HpsS28qKsB+oPeJn9I39jg==}

  '@types/webidl-conversions@7.0.3':
    resolution: {integrity: sha512-CiJJvcRtIgzadHCYXw7dqEnMNRjhGZlYK05Mj9OyktqV8uVT8fD2BFOB7S1uwBE3Kj2Z+4UyPmFw/Ixgw/LAlA==}

  '@types/whatwg-url@11.0.5':
    resolution: {integrity: sha512-coYR071JRaHa+xoEvvYqvnIHaVqaYrLPbsufM9BF63HkwI5Lgmy2QR8Q5K/lYDYo5AK82wOvSOS0UsLTpTG7uQ==}

  ai@4.3.19:
    resolution: {integrity: sha512-dIE2bfNpqHN3r6IINp9znguYdhIOheKW2LDigAMrgt/upT3B8eBGPSCblENvaZGoq+hxaN9fSMzjWpbqloP+7Q==}
    engines: {node: '>=18'}
    peerDependencies:
      react: ^18 || ^19 || ^19.0.0-rc
      zod: ^3.23.8
    peerDependenciesMeta:
      react:
        optional: true

  bson@6.10.4:
    resolution: {integrity: sha512-WIsKqkSC0ABoBJuT1LEX+2HEvNmNKKgnTAyd0fL8qzK4SH2i9NXg+t08YtdZp/V9IZ33cxe3iV4yM0qg8lMQng==}
    engines: {node: '>=16.20.1'}

  bullmq@5.66.4:
    resolution: {integrity: sha512-y2VRk2z7d1YNI2JQDD7iThoD0X/0iZZ3VEp8lqT5s5U0XDl9CIjXp1LQgmE9EKy6ReHtzmYXS1f328PnUbZGtQ==}

  chalk@5.6.2:
    resolution: {integrity: sha512-7NzBL0rN6fMUW+f7A6Io4h40qQlG+xGmtMxfbnH/K7TAtt8JQWVQK+6g0UXKMeVJoyV5EkkNsErQ8pVD3bLHbA==}
    engines: {node: ^12.17.0 || ^14.13 || >=16.0.0}

  cluster-key-slot@1.1.2:
    resolution: {integrity: sha512-RMr0FhtfXemyinomL4hrWcYJxmX6deFdCxpJzhDttxgO1+bcCnkk+9drydLVDmAMG7NE6aN/fl4F7ucU/90gAA==}
    engines: {node: '>=0.10.0'}

  cron-parser@4.9.0:
    resolution: {integrity: sha512-p0SaNjrHOnQeR8/VnfGbmg9te2kfyYSQ7Sc/j/6DtPL3JQvKxmjO9TSjNFpujqV3vEYYBvNNvXSxzyksBWAx1Q==}
    engines: {node: '>=12.0.0'}

  debug@4.4.3:
    resolution: {integrity: sha512-RGwwWnwQvkVfavKVt22FGLw+xYSdzARwm0ru6DhTVA3umU5hZc28V3kO4stgYryrTlLpuvgI9GiijltAjNbcqA==}
    engines: {node: '>=6.0'}
    peerDependencies:
      supports-color: '*'
    peerDependenciesMeta:
      supports-color:
        optional: true

  denque@2.1.0:
    resolution: {integrity: sha512-HVQE3AAb/pxF8fQAoiqpvg9i3evqug3hoiwakOyZAwJm+6vZehbkYXZ0l4JxS+I3QxM97v5aaRNhj8v5oBhekw==}
    engines: {node: '>=0.10'}

  dequal@2.0.3:
    resolution: {integrity: sha512-0je+qPKHEMohvfRTCEo3CrPG6cAzAYgmzKyxRiYSSDkS6eGJdyVJm7WaYA5ECaAD9wLB2T4EEeymA5aFVcYXCA==}
    engines: {node: '>=6'}

  detect-libc@2.1.2:
    resolution: {integrity: sha512-Btj2BOOO83o3WyH59e8MgXsxEQVcarkUOpEYrubB0urwnN10yQ364rsiByU11nZlqWYZm05i/of7io4mzihBtQ==}
    engines: {node: '>=8'}

  diff-match-patch@1.0.5:
    resolution: {integrity: sha512-IayShXAgj/QMXgB0IWmKx+rOPuGMhqm5w6jvFxmVenXKIzRqTAAsbBPT3kWQeGANj3jGgvcvv4yK6SxqYmikgw==}

  esbuild@0.27.2:
    resolution: {integrity: sha512-HyNQImnsOC7X9PMNaCIeAm4ISCQXs5a5YasTXVliKv4uuBo1dKrG0A+uQS8M5eXjVMnLg3WgXaKvprHlFJQffw==}
    engines: {node: '>=18'}
    hasBin: true

  fsevents@2.3.3:
    resolution: {integrity: sha512-5xoDfX+fL7faATnagmWPpbFtwh/R77WmMMqqHGS65C3vvB0YHrgF+B1YmZ3441tMj5n63k0212XNoJwzlhffQw==}
    engines: {node: ^8.16.0 || ^10.6.0 || >=11.0.0}
    os: [darwin]

  get-tsconfig@4.13.0:
    resolution: {integrity: sha512-1VKTZJCwBrvbd+Wn3AOgQP/2Av+TfTCOlE4AcRJE72W1ksZXbAx8PPBR9RzgTeSPzlPMHrbANMH3LbltH73wxQ==}

  ioredis@5.8.2:
    resolution: {integrity: sha512-C6uC+kleiIMmjViJINWk80sOQw5lEzse1ZmvD+S/s8p8CWapftSaC+kocGTx6xrbrJ4WmYQGC08ffHLr6ToR6Q==}
    engines: {node: '>=12.22.0'}

  ioredis@5.9.0:
    resolution: {integrity: sha512-T3VieIilNumOJCXI9SDgo4NnF6sZkd6XcmPi6qWtw4xqbt8nNz/ZVNiIH1L9puMTSHZh1mUWA4xKa2nWPF4NwQ==}
    engines: {node: '>=12.22.0'}

  json-schema@0.4.0:
    resolution: {integrity: sha512-es94M3nTIfsEPisRafak+HDLfHXnKBhV3vU5eqPcS3flIWqcxJWgXHXiey3YrpaNsanY5ei1VoYEbOzijuq9BA==}

  jsondiffpatch@0.6.0:
    resolution: {integrity: sha512-3QItJOXp2AP1uv7waBkao5nCvhEv+QmJAd38Ybq7wNI74Q+BBmnLn4EDKz6yI9xGAIQoUF87qHt+kc1IVxB4zQ==}
    engines: {node: ^18.0.0 || >=20.0.0}
    hasBin: true

  lodash.defaults@4.2.0:
    resolution: {integrity: sha512-qjxPLHd3r5DnsdGacqOMU6pb/avJzdh9tFX2ymgoZE27BmjXrNy/y4LoaiTeAb+O3gL8AfpJGtqfX/ae2leYYQ==}

  lodash.isarguments@3.1.0:
    resolution: {integrity: sha512-chi4NHZlZqZD18a0imDHnZPrDeBbTtVN7GXMwuGdRH9qotxAjYs3aVLKc7zNOG9eddR5Ksd8rvFEBc9SsggPpg==}

  luxon@3.7.2:
    resolution: {integrity: sha512-vtEhXh/gNjI9Yg1u4jX/0YVPMvxzHuGgCm6tC5kZyb08yjGWGnqAjGJvcXbqQR2P3MyMEFnRbpcdFS6PBcLqew==}
    engines: {node: '>=12'}

  memory-pager@1.5.0:
    resolution: {integrity: sha512-ZS4Bp4r/Zoeq6+NLJpP+0Zzm0pR8whtGPf1XExKLJBAczGMnSi3It14OiNCStjQjM6NU1okjQGSxgEZN8eBYKg==}

  mongodb-connection-string-url@3.0.2:
    resolution: {integrity: sha512-rMO7CGo/9BFwyZABcKAWL8UJwH/Kc2x0g72uhDWzG48URRax5TCIcJ7Rc3RZqffZzO/Gwff/jyKwCU9TN8gehA==}

  mongodb@6.21.0:
    resolution: {integrity: sha512-URyb/VXMjJ4da46OeSXg+puO39XH9DeQpWCslifrRn9JWugy0D+DvvBvkm2WxmHe61O/H19JM66p1z7RHVkZ6A==}
    engines: {node: '>=16.20.1'}
    peerDependencies:
      '@aws-sdk/credential-providers': ^3.188.0
      '@mongodb-js/zstd': ^1.1.0 || ^2.0.0
      gcp-metadata: ^5.2.0
      kerberos: ^2.0.1
      mongodb-client-encryption: '>=6.0.0 <7'
      snappy: ^7.3.2
      socks: ^2.7.1
    peerDependenciesMeta:
      '@aws-sdk/credential-providers':
        optional: true
      '@mongodb-js/zstd':
        optional: true
      gcp-metadata:
        optional: true
      kerberos:
        optional: true
      mongodb-client-encryption:
        optional: true
      snappy:
        optional: true
      socks:
        optional: true

  ms@2.1.3:
    resolution: {integrity: sha512-6FlzubTLZG3J2a/NVCAleEhjzq5oxgHyaCU9yYXvcLsvoVaHJq/s5xXI6/XXP6tz7R9xAOtHnSO/tXtF3WRTlA==}

  msgpackr-extract@3.0.3:
    resolution: {integrity: sha512-P0efT1C9jIdVRefqjzOQ9Xml57zpOXnIuS+csaB4MdZbTdmGDLo8XhzBG1N7aO11gKDDkJvBLULeFTo46wwreA==}
    hasBin: true

  msgpackr@1.11.5:
    resolution: {integrity: sha512-UjkUHN0yqp9RWKy0Lplhh+wlpdt9oQBYgULZOiFhV3VclSF1JnSQWZ5r9gORQlNYaUKQoR8itv7g7z1xDDuACA==}

  nanoid@3.3.11:
    resolution: {integrity: sha512-N8SpfPUnUp1bK+PMYW8qSWdl9U+wwNWI4QKxOYDy9JAro3WMX7p2OeVRF9v+347pnakNevPmiHhNmZ2HbFA76w==}
    engines: {node: ^10 || ^12 || ^13.7 || ^14 || >=15.0.1}
    hasBin: true

  node-abort-controller@3.1.1:
    resolution: {integrity: sha512-AGK2yQKIjRuqnc6VkX2Xj5d+QW8xZ87pa1UK6yA6ouUyuxfHuMP6umE5QK7UmTeOAymo+Zx1Fxiuw9rVx8taHQ==}

  node-gyp-build-optional-packages@5.2.2:
    resolution: {integrity: sha512-s+w+rBWnpTMwSFbaE0UXsRlg7hU4FjekKU4eyAih5T8nJuNZT1nNsskXpxmeqSK9UzkBl6UgRlnKc8hz8IEqOw==}
    hasBin: true

  punycode@2.3.1:
    resolution: {integrity: sha512-vYt7UD1U9Wg6138shLtLOvdAu+8DsC/ilFtEVHcH+wydcSpNE20AfSOduf6MkRFahL5FY7X1oU7nKVZFtfq8Fg==}
    engines: {node: '>=6'}

  react@19.2.3:
    resolution: {integrity: sha512-Ku/hhYbVjOQnXDZFv2+RibmLFGwFdeeKHFcOTlrt7xplBnya5OGn/hIRDsqDiSUcfORsDC7MPxwork8jBwsIWA==}
    engines: {node: '>=0.10.0'}

  redis-errors@1.2.0:
    resolution: {integrity: sha512-1qny3OExCf0UvUV/5wpYKf2YwPcOqXzkwKKSmKHiE6ZMQs5heeE/c8eXK+PNllPvmjgAbfnsbpkGZWy8cBpn9w==}
    engines: {node: '>=4'}

  redis-parser@3.0.0:
    resolution: {integrity: sha512-DJnGAeenTdpMEH6uAJRK/uiyEIH9WVsUmoLwzudwGJUwZPp80PDBWPHXSAGNPwNvIXAbe7MSUB1zQFugFml66A==}
    engines: {node: '>=4'}

  resolve-pkg-maps@1.0.0:
    resolution: {integrity: sha512-seS2Tj26TBVOC2NIc2rOe2y2ZO7efxITtLZcGSOnHHNOQ7CkiUBfw0Iw2ck6xkIhPwLhKNLS8BO+hEpngQlqzw==}

  secure-json-parse@2.7.0:
    resolution: {integrity: sha512-6aU+Rwsezw7VR8/nyvKTx8QpWH9FrcYiXXlqC4z5d5XQBDRqtbfsRjnwGyqbi3gddNtWHuEk9OANUotL26qKUw==}

  semver@7.7.3:
    resolution: {integrity: sha512-SdsKMrI9TdgjdweUSR9MweHA4EJ8YxHn8DFaDisvhVlUOe4BF1tLD7GAj0lIqWVl+dPb/rExr0Btby5loQm20Q==}
    engines: {node: '>=10'}
    hasBin: true

  sparse-bitfield@3.0.3:
    resolution: {integrity: sha512-kvzhi7vqKTfkh0PZU+2D2PIllw2ymqJKujUcyPMd9Y75Nv4nPbGJZXNhxsgdQab2BmlDct1YnfQCguEvHr7VsQ==}

  standard-as-callback@2.1.0:
    resolution: {integrity: sha512-qoRRSyROncaz1z0mvYqIE4lCd9p2R90i6GxW3uZv5ucSu8tU7B5HXUP1gG8pVZsYNVaXjk8ClXHPttLyxAL48A==}

  swr@2.3.8:
    resolution: {integrity: sha512-gaCPRVoMq8WGDcWj9p4YWzCMPHzE0WNl6W8ADIx9c3JBEIdMkJGMzW+uzXvxHMltwcYACr9jP+32H8/hgwMR7w==}
    peerDependencies:
      react: ^16.11.0 || ^17.0.0 || ^18.0.0 || ^19.0.0

  throttleit@2.1.0:
    resolution: {integrity: sha512-nt6AMGKW1p/70DF/hGBdJB57B8Tspmbp5gfJ8ilhLnt7kkr2ye7hzD6NVG8GGErk2HWF34igrL2CXmNIkzKqKw==}
    engines: {node: '>=18'}

  tr46@5.1.1:
    resolution: {integrity: sha512-hdF5ZgjTqgAntKkklYw0R03MG2x/bSzTtkxmIRw/sTNV8YXsCJ1tfLAX23lhxhHJlEf3CRCOCGGWw3vI3GaSPw==}
    engines: {node: '>=18'}

  tslib@2.8.1:
    resolution: {integrity: sha512-oJFu94HQb+KVduSUQL7wnpmqnfmLsOA/nAh6b6EH0wCEoK0/mPeXU6c3wKDV83MkOuHPRHtSXKKU99IBazS/2w==}

  tsx@4.21.0:
    resolution: {integrity: sha512-5C1sg4USs1lfG0GFb2RLXsdpXqBSEhAaA/0kPL01wxzpMqLILNxIxIOKiILz+cdg/pLnOUxFYOR5yhHU666wbw==}
    engines: {node: '>=18.0.0'}
    hasBin: true

  turbo-darwin-64@2.7.3:
    resolution: {integrity: sha512-aZHhvRiRHXbJw1EcEAq4aws1hsVVUZ9DPuSFaq9VVFAKCup7niIEwc22glxb7240yYEr1vLafdQ2U294Vcwz+w==}
    cpu: [x64]
    os: [darwin]

  turbo-darwin-arm64@2.7.3:
    resolution: {integrity: sha512-CkVrHSq+Bnhl9sX2LQgqQYVfLTWC2gvI74C4758OmU0djfrssDKU9d4YQF0AYXXhIIRZipSXfxClQziIMD+EAg==}
    cpu: [arm64]
    os: [darwin]

  turbo-linux-64@2.7.3:
    resolution: {integrity: sha512-GqDsCNnzzr89kMaLGpRALyigUklzgxIrSy2pHZVXyifgczvYPnLglex78Aj3T2gu+T3trPPH2iJ+pWucVOCC2Q==}
    cpu: [x64]
    os: [linux]

  turbo-linux-arm64@2.7.3:
    resolution: {integrity: sha512-NdCDTfIcIo3dWjsiaAHlxu5gW61Ed/8maah1IAF/9E3EtX0aAHNiBMbuYLZaR4vRJ7BeVkYB6xKWRtdFLZ0y3g==}
    cpu: [arm64]
    os: [linux]

  turbo-windows-64@2.7.3:
    resolution: {integrity: sha512-7bVvO987daXGSJVYBoG8R4Q+csT1pKIgLJYZevXRQ0Hqw0Vv4mKme/TOjYXs9Qb1xMKh51Tb3bXKDbd8/4G08g==}
    cpu: [x64]
    os: [win32]

  turbo-windows-arm64@2.7.3:
    resolution: {integrity: sha512-nTodweTbPmkvwMu/a55XvjMsPtuyUSC+sV7f/SR57K36rB2I0YG21qNETN+00LOTUW9B3omd8XkiXJkt4kx/cw==}
    cpu: [arm64]
    os: [win32]

  turbo@2.7.3:
    resolution: {integrity: sha512-+HjKlP4OfYk+qzvWNETA3cUO5UuK6b5MSc2UJOKyvBceKucQoQGb2g7HlC2H1GHdkfKrk4YF1VPvROkhVZDDLQ==}
    hasBin: true

  typescript@5.9.3:
    resolution: {integrity: sha512-jl1vZzPDinLr9eUt3J/t7V6FgNEw9QjvBPdysz9KfQDD41fQrC2Y4vKQdiaUpFT4bXlb1RHhLpp8wtm6M5TgSw==}
    engines: {node: '>=14.17'}
    hasBin: true

  use-sync-external-store@1.6.0:
    resolution: {integrity: sha512-Pp6GSwGP/NrPIrxVFAIkOQeyw8lFenOHijQWkUTrDvrF4ALqylP2C/KCkeS9dpUM3KvYRQhna5vt7IL95+ZQ9w==}
    peerDependencies:
      react: ^16.8.0 || ^17.0.0 || ^18.0.0 || ^19.0.0

  uuid@11.1.0:
    resolution: {integrity: sha512-0/A9rDy9P7cJ+8w1c9WD9V//9Wj15Ce2MPz8Ri6032usz+NfePxx5AcN3bN+r6ZL6jEo066/yNYB3tn4pQEx+A==}
    hasBin: true

  webidl-conversions@7.0.0:
    resolution: {integrity: sha512-VwddBukDzu71offAQR975unBIGqfKZpM+8ZX6ySk8nYhVoo5CYaZyzt3YBvYtRtO+aoGlqxPg/B87NGVZ/fu6g==}
    engines: {node: '>=12'}

  whatwg-url@14.2.0:
    resolution: {integrity: sha512-De72GdQZzNTUBBChsXueQUnPKDkg/5A5zp7pFDuQAj5UFoENpiACU0wlCvzpAGnTkj++ihpKwKyYewn/XNUbKw==}
    engines: {node: '>=18'}

  zod-to-json-schema@3.25.1:
    resolution: {integrity: sha512-pM/SU9d3YAggzi6MtR4h7ruuQlqKtad8e9S0fmxcMi+ueAK5Korys/aWcV9LIIHTVbj01NdzxcnXSN+O74ZIVA==}
    peerDependencies:
      zod: ^3.25 || ^4

  zod@3.25.76:
    resolution: {integrity: sha512-gzUt/qt81nXsFGKIFcC3YnfEAx5NkunCfnDlvuBSSFS02bcXu4Lmea0AFIUwbLWxWPx3d9p8S5QoaujKcNQxcQ==}

snapshots:

  '@ai-sdk/google@1.2.22(zod@3.25.76)':
    dependencies:
      '@ai-sdk/provider': 1.1.3
      '@ai-sdk/provider-utils': 2.2.8(zod@3.25.76)
      zod: 3.25.76

  '@ai-sdk/provider-utils@2.2.8(zod@3.25.76)':
    dependencies:
      '@ai-sdk/provider': 1.1.3
      nanoid: 3.3.11
      secure-json-parse: 2.7.0
      zod: 3.25.76

  '@ai-sdk/provider@1.1.3':
    dependencies:
      json-schema: 0.4.0

  '@ai-sdk/react@1.2.12(react@19.2.3)(zod@3.25.76)':
    dependencies:
      '@ai-sdk/provider-utils': 2.2.8(zod@3.25.76)
      '@ai-sdk/ui-utils': 1.2.11(zod@3.25.76)
      react: 19.2.3
      swr: 2.3.8(react@19.2.3)
      throttleit: 2.1.0
    optionalDependencies:
      zod: 3.25.76

  '@ai-sdk/ui-utils@1.2.11(zod@3.25.76)':
    dependencies:
      '@ai-sdk/provider': 1.1.3
      '@ai-sdk/provider-utils': 2.2.8(zod@3.25.76)
      zod: 3.25.76
      zod-to-json-schema: 3.25.1(zod@3.25.76)

  '@esbuild/aix-ppc64@0.27.2':
    optional: true

  '@esbuild/android-arm64@0.27.2':
    optional: true

  '@esbuild/android-arm@0.27.2':
    optional: true

  '@esbuild/android-x64@0.27.2':
    optional: true

  '@esbuild/darwin-arm64@0.27.2':
    optional: true

  '@esbuild/darwin-x64@0.27.2':
    optional: true

  '@esbuild/freebsd-arm64@0.27.2':
    optional: true

  '@esbuild/freebsd-x64@0.27.2':
    optional: true

  '@esbuild/linux-arm64@0.27.2':
    optional: true

  '@esbuild/linux-arm@0.27.2':
    optional: true

  '@esbuild/linux-ia32@0.27.2':
    optional: true

  '@esbuild/linux-loong64@0.27.2':
    optional: true

  '@esbuild/linux-mips64el@0.27.2':
    optional: true

  '@esbuild/linux-ppc64@0.27.2':
    optional: true

  '@esbuild/linux-riscv64@0.27.2':
    optional: true

  '@esbuild/linux-s390x@0.27.2':
    optional: true

  '@esbuild/linux-x64@0.27.2':
    optional: true

  '@esbuild/netbsd-arm64@0.27.2':
    optional: true

  '@esbuild/netbsd-x64@0.27.2':
    optional: true

  '@esbuild/openbsd-arm64@0.27.2':
    optional: true

  '@esbuild/openbsd-x64@0.27.2':
    optional: true

  '@esbuild/openharmony-arm64@0.27.2':
    optional: true

  '@esbuild/sunos-x64@0.27.2':
    optional: true

  '@esbuild/win32-arm64@0.27.2':
    optional: true

  '@esbuild/win32-ia32@0.27.2':
    optional: true

  '@esbuild/win32-x64@0.27.2':
    optional: true

  '@ioredis/commands@1.4.0': {}

  '@ioredis/commands@1.5.0': {}

  '@mongodb-js/saslprep@1.4.4':
    dependencies:
      sparse-bitfield: 3.0.3

  '@msgpackr-extract/msgpackr-extract-darwin-arm64@3.0.3':
    optional: true

  '@msgpackr-extract/msgpackr-extract-darwin-x64@3.0.3':
    optional: true

  '@msgpackr-extract/msgpackr-extract-linux-arm64@3.0.3':
    optional: true

  '@msgpackr-extract/msgpackr-extract-linux-arm@3.0.3':
    optional: true

  '@msgpackr-extract/msgpackr-extract-linux-x64@3.0.3':
    optional: true

  '@msgpackr-extract/msgpackr-extract-win32-x64@3.0.3':
    optional: true

  '@opentelemetry/api@1.9.0': {}

  '@types/diff-match-patch@1.0.36': {}

  '@types/webidl-conversions@7.0.3': {}

  '@types/whatwg-url@11.0.5':
    dependencies:
      '@types/webidl-conversions': 7.0.3

  ai@4.3.19(react@19.2.3)(zod@3.25.76):
    dependencies:
      '@ai-sdk/provider': 1.1.3
      '@ai-sdk/provider-utils': 2.2.8(zod@3.25.76)
      '@ai-sdk/react': 1.2.12(react@19.2.3)(zod@3.25.76)
      '@ai-sdk/ui-utils': 1.2.11(zod@3.25.76)
      '@opentelemetry/api': 1.9.0
      jsondiffpatch: 0.6.0
      zod: 3.25.76
    optionalDependencies:
      react: 19.2.3

  bson@6.10.4: {}

  bullmq@5.66.4:
    dependencies:
      cron-parser: 4.9.0
      ioredis: 5.8.2
      msgpackr: 1.11.5
      node-abort-controller: 3.1.1
      semver: 7.7.3
      tslib: 2.8.1
      uuid: 11.1.0
    transitivePeerDependencies:
      - supports-color

  chalk@5.6.2: {}

  cluster-key-slot@1.1.2: {}

  cron-parser@4.9.0:
    dependencies:
      luxon: 3.7.2

  debug@4.4.3:
    dependencies:
      ms: 2.1.3

  denque@2.1.0: {}

  dequal@2.0.3: {}

  detect-libc@2.1.2:
    optional: true

  diff-match-patch@1.0.5: {}

  esbuild@0.27.2:
    optionalDependencies:
      '@esbuild/aix-ppc64': 0.27.2
      '@esbuild/android-arm': 0.27.2
      '@esbuild/android-arm64': 0.27.2
      '@esbuild/android-x64': 0.27.2
      '@esbuild/darwin-arm64': 0.27.2
      '@esbuild/darwin-x64': 0.27.2
      '@esbuild/freebsd-arm64': 0.27.2
      '@esbuild/freebsd-x64': 0.27.2
      '@esbuild/linux-arm': 0.27.2
      '@esbuild/linux-arm64': 0.27.2
      '@esbuild/linux-ia32': 0.27.2
      '@esbuild/linux-loong64': 0.27.2
      '@esbuild/linux-mips64el': 0.27.2
      '@esbuild/linux-ppc64': 0.27.2
      '@esbuild/linux-riscv64': 0.27.2
      '@esbuild/linux-s390x': 0.27.2
      '@esbuild/linux-x64': 0.27.2
      '@esbuild/netbsd-arm64': 0.27.2
      '@esbuild/netbsd-x64': 0.27.2
      '@esbuild/openbsd-arm64': 0.27.2
      '@esbuild/openbsd-x64': 0.27.2
      '@esbuild/openharmony-arm64': 0.27.2
      '@esbuild/sunos-x64': 0.27.2
      '@esbuild/win32-arm64': 0.27.2
      '@esbuild/win32-ia32': 0.27.2
      '@esbuild/win32-x64': 0.27.2

  fsevents@2.3.3:
    optional: true

  get-tsconfig@4.13.0:
    dependencies:
      resolve-pkg-maps: 1.0.0

  ioredis@5.8.2:
    dependencies:
      '@ioredis/commands': 1.4.0
      cluster-key-slot: 1.1.2
      debug: 4.4.3
      denque: 2.1.0
      lodash.defaults: 4.2.0
      lodash.isarguments: 3.1.0
      redis-errors: 1.2.0
      redis-parser: 3.0.0
      standard-as-callback: 2.1.0
    transitivePeerDependencies:
      - supports-color

  ioredis@5.9.0:
    dependencies:
      '@ioredis/commands': 1.5.0
      cluster-key-slot: 1.1.2
      debug: 4.4.3
      denque: 2.1.0
      lodash.defaults: 4.2.0
      lodash.isarguments: 3.1.0
      redis-errors: 1.2.0
      redis-parser: 3.0.0
      standard-as-callback: 2.1.0
    transitivePeerDependencies:
      - supports-color

  json-schema@0.4.0: {}

  jsondiffpatch@0.6.0:
    dependencies:
      '@types/diff-match-patch': 1.0.36
      chalk: 5.6.2
      diff-match-patch: 1.0.5

  lodash.defaults@4.2.0: {}

  lodash.isarguments@3.1.0: {}

  luxon@3.7.2: {}

  memory-pager@1.5.0: {}

  mongodb-connection-string-url@3.0.2:
    dependencies:
      '@types/whatwg-url': 11.0.5
      whatwg-url: 14.2.0

  mongodb@6.21.0:
    dependencies:
      '@mongodb-js/saslprep': 1.4.4
      bson: 6.10.4
      mongodb-connection-string-url: 3.0.2

  ms@2.1.3: {}

  msgpackr-extract@3.0.3:
    dependencies:
      node-gyp-build-optional-packages: 5.2.2
    optionalDependencies:
      '@msgpackr-extract/msgpackr-extract-darwin-arm64': 3.0.3
      '@msgpackr-extract/msgpackr-extract-darwin-x64': 3.0.3
      '@msgpackr-extract/msgpackr-extract-linux-arm': 3.0.3
      '@msgpackr-extract/msgpackr-extract-linux-arm64': 3.0.3
      '@msgpackr-extract/msgpackr-extract-linux-x64': 3.0.3
      '@msgpackr-extract/msgpackr-extract-win32-x64': 3.0.3
    optional: true

  msgpackr@1.11.5:
    optionalDependencies:
      msgpackr-extract: 3.0.3

  nanoid@3.3.11: {}

  node-abort-controller@3.1.1: {}

  node-gyp-build-optional-packages@5.2.2:
    dependencies:
      detect-libc: 2.1.2
    optional: true

  punycode@2.3.1: {}

  react@19.2.3: {}

  redis-errors@1.2.0: {}

  redis-parser@3.0.0:
    dependencies:
      redis-errors: 1.2.0

  resolve-pkg-maps@1.0.0: {}

  secure-json-parse@2.7.0: {}

  semver@7.7.3: {}

  sparse-bitfield@3.0.3:
    dependencies:
      memory-pager: 1.5.0

  standard-as-callback@2.1.0: {}

  swr@2.3.8(react@19.2.3):
    dependencies:
      dequal: 2.0.3
      react: 19.2.3
      use-sync-external-store: 1.6.0(react@19.2.3)

  throttleit@2.1.0: {}

  tr46@5.1.1:
    dependencies:
      punycode: 2.3.1

  tslib@2.8.1: {}

  tsx@4.21.0:
    dependencies:
      esbuild: 0.27.2
      get-tsconfig: 4.13.0
    optionalDependencies:
      fsevents: 2.3.3

  turbo-darwin-64@2.7.3:
    optional: true

  turbo-darwin-arm64@2.7.3:
    optional: true

  turbo-linux-64@2.7.3:
    optional: true

  turbo-linux-arm64@2.7.3:
    optional: true

  turbo-windows-64@2.7.3:
    optional: true

  turbo-windows-arm64@2.7.3:
    optional: true

  turbo@2.7.3:
    optionalDependencies:
      turbo-darwin-64: 2.7.3
      turbo-darwin-arm64: 2.7.3
      turbo-linux-64: 2.7.3
      turbo-linux-arm64: 2.7.3
      turbo-windows-64: 2.7.3
      turbo-windows-arm64: 2.7.3

  typescript@5.9.3: {}

  use-sync-external-store@1.6.0(react@19.2.3):
    dependencies:
      react: 19.2.3

  uuid@11.1.0: {}

  webidl-conversions@7.0.0: {}

  whatwg-url@14.2.0:
    dependencies:
      tr46: 5.1.1
      webidl-conversions: 7.0.0

  zod-to-json-schema@3.25.1(zod@3.25.76):
    dependencies:
      zod: 3.25.76

  zod@3.25.76: {}
